
Microsoft Visual Studio Solution File, Format Version 12.00
# Visual Studio Version 17
VisualStudioVersion = 17.11.35303.130
MinimumVisualStudioVersion = 10.0.40219.1
Project("{9A19103F-16F7-4668-BE54-9A1E7A4F7556}") = "appr_poe_part_2_owen_muhluri_ndimande_GIFT_OF_GIVERS", "appr_poe_part_2_owen_muhluri_ndimande_GIFT_OF_GIVERS.csproj", "{3D00D1FF-27EA-46C4-8CDE-0E1B47F2B57B}"
EndProject
Global
	GlobalSection(SolutionConfigurationPlatforms) = preSolution
		Debug|Any CPU = Debug|Any CPU
		Release|Any CPU = Release|Any CPU
	EndGlobalSection
	GlobalSection(ProjectConfigurationPlatforms) = postSolution
		{3D00D1FF-27EA-46C4-8CDE-0E1B47F2B57B}.Debug|Any CPU.ActiveCfg = Debug|Any CPU
		{3D00D1FF-27EA-46C4-8CDE-0E1B47F2B57B}.Debug|Any CPU.Build.0 = Debug|Any CPU
		{3D00D1FF-27EA-46C4-8CDE-0E1B47F2B57B}.Release|Any CPU.ActiveCfg = Release|Any CPU
		{3D00D1FF-27EA-46C4-8CDE-0E1B47F2B57B}.Release|Any CPU.Build.0 = Release|Any CPU
	EndGlobalSection
	GlobalSection(SolutionProperties) = preSolution
		HideSolutionNode = FALSE
	EndGlobalSection
	GlobalSection(ExtensibilityGlobals) = postSolution
		SolutionGuid = {D5EB6AB8-A34E-4E91-B2C4-737DA7897CDA}
	EndGlobalSection
EndGlobal
